
Microsoft Visual Studio Solution File, Format Version 12.00
# Visual Studio Version 16
VisualStudioVersion = 16.0.30413.136
MinimumVisualStudioVersion = 10.0.40219.1
Project("{FAE04EC0-301F-11D3-BF4B-00C04F79EFBC}") = "Gyogynovenyek", "Gyogynovenyek\Gyogynovenyek.csproj", "{B0D4B47F-EA45-442A-AABC-C921DF0E0166}"
EndProject
Global
	GlobalSection(SolutionConfigurationPlatforms) = preSolution
		Debug|Any CPU = Debug|Any CPU
		Release|Any CPU = Release|Any CPU
	EndGlobalSection
	GlobalSection(ProjectConfigurationPlatforms) = postSolution
		{B0D4B47F-EA45-442A-AABC-C921DF0E0166}.Debug|Any CPU.ActiveCfg = Debug|Any CPU
		{B0D4B47F-EA45-442A-AABC-C921DF0E0166}.Debug|Any CPU.Build.0 = Debug|Any CPU
		{B0D4B47F-EA45-442A-AABC-C921DF0E0166}.Release|Any CPU.ActiveCfg = Release|Any CPU
		{B0D4B47F-EA45-442A-AABC-C921DF0E0166}.Release|Any CPU.Build.0 = Release|Any CPU
	EndGlobalSection
	GlobalSection(SolutionProperties) = preSolution
		HideSolutionNode = FALSE
	EndGlobalSection
	GlobalSection(ExtensibilityGlobals) = postSolution
		SolutionGuid = {57F87053-0BD6-407F-9F5C-F542A4C99BED}
	EndGlobalSection
EndGlobal
